
Microsoft Visual Studio Solution File, Format Version 12.00
# Visual Studio Version 16
VisualStudioVersion = 16.0.33801.447
MinimumVisualStudioVersion = 10.0.40219.1
Project("{FAE04EC0-301F-11D3-BF4B-00C04F79EFBC}") = "EkzamenPolenov1", "EkzamenPolenov1\EkzamenPolenov1.csproj", "{C95AC185-3FCF-4120-B3D3-C4E54B262BB3}"
EndProject
Global
	GlobalSection(SolutionConfigurationPlatforms) = preSolution
		Debug|Any CPU = Debug|Any CPU
		Release|Any CPU = Release|Any CPU
	EndGlobalSection
	GlobalSection(ProjectConfigurationPlatforms) = postSolution
		{C95AC185-3FCF-4120-B3D3-C4E54B262BB3}.Debug|Any CPU.ActiveCfg = Debug|Any CPU
		{C95AC185-3FCF-4120-B3D3-C4E54B262BB3}.Debug|Any CPU.Build.0 = Debug|Any CPU
		{C95AC185-3FCF-4120-B3D3-C4E54B262BB3}.Release|Any CPU.ActiveCfg = Release|Any CPU
		{C95AC185-3FCF-4120-B3D3-C4E54B262BB3}.Release|Any CPU.Build.0 = Release|Any CPU
	EndGlobalSection
	GlobalSection(SolutionProperties) = preSolution
		HideSolutionNode = FALSE
	EndGlobalSection
	GlobalSection(ExtensibilityGlobals) = postSolution
		SolutionGuid = {B0C583E1-4418-4F39-B7D3-7E30BF9F3F61}
	EndGlobalSection
EndGlobal
